
Microsoft Visual Studio Solution File, Format Version 12.00
# Visual Studio Version 17
VisualStudioVersion = 17.8.34511.84
MinimumVisualStudioVersion = 10.0.40219.1
Project("{FAE04EC0-301F-11D3-BF4B-00C04F79EFBC}") = "Homework18", "Homework18\Homework18.csproj", "{47951C34-8848-4E9C-9621-EDF7B79A2EE5}"
EndProject
Global
	GlobalSection(SolutionConfigurationPlatforms) = preSolution
		Debug|Any CPU = Debug|Any CPU
		Release|Any CPU = Release|Any CPU
	EndGlobalSection
	GlobalSection(ProjectConfigurationPlatforms) = postSolution
		{47951C34-8848-4E9C-9621-EDF7B79A2EE5}.Debug|Any CPU.ActiveCfg = Debug|Any CPU
		{47951C34-8848-4E9C-9621-EDF7B79A2EE5}.Debug|Any CPU.Build.0 = Debug|Any CPU
		{47951C34-8848-4E9C-9621-EDF7B79A2EE5}.Release|Any CPU.ActiveCfg = Release|Any CPU
		{47951C34-8848-4E9C-9621-EDF7B79A2EE5}.Release|Any CPU.Build.0 = Release|Any CPU
	EndGlobalSection
	GlobalSection(SolutionProperties) = preSolution
		HideSolutionNode = FALSE
	EndGlobalSection
	GlobalSection(ExtensibilityGlobals) = postSolution
		SolutionGuid = {90124008-C020-4491-BEA2-D73165382112}
	EndGlobalSection
EndGlobal
